
Microsoft Visual Studio Solution File, Format Version 12.00
# Visual Studio 15
VisualStudioVersion = 15.0.26403.7
MinimumVisualStudioVersion = 10.0.40219.1
Project("{FAE04EC0-301F-11D3-BF4B-00C04F79EFBC}") = "CustomElementHandler", "CustomElementHandler\CustomElementHandler.csproj", "{7A31DAF1-0AC8-48F7-BD2D-E861850ADC72}"
EndProject
Project("{FAE04EC0-301F-11D3-BF4B-00C04F79EFBC}") = "CustomFarming", "CustomFarming\CustomFarming.csproj", "{88941EB0-70EA-47D5-920E-7262129967F4}"
EndProject
Project("{FAE04EC0-301F-11D3-BF4B-00C04F79EFBC}") = "HarpOfYobaRedux", "HarpOfYobaRedux\HarpOfYobaRedux.csproj", "{1D875951-1F85-4D1B-A73C-7384EFA5BE5F}"
EndProject
Project("{FAE04EC0-301F-11D3-BF4B-00C04F79EFBC}") = "InteractiveMapLayer", "InteractiveMapLayer\InteractiveMapLayer.csproj", "{F749203F-E59B-4093-A8AD-8680C5056085}"
EndProject
Project("{FAE04EC0-301F-11D3-BF4B-00C04F79EFBC}") = "NoSoilDecayRedux", "NoSoilDecayRedux\NoSoilDecayRedux.csproj", "{4D5DD049-520A-4FC9-B9AF-B7C32BD90424}"
EndProject
Project("{FAE04EC0-301F-11D3-BF4B-00C04F79EFBC}") = "Portraiture", "Portraiture\Portraiture.csproj", "{CDDBC248-8B88-4B29-9AB6-49D9AE9F60E1}"
EndProject
Project("{FAE04EC0-301F-11D3-BF4B-00C04F79EFBC}") = "Speedster", "Speedster\Speedster.csproj", "{D04B971E-CCAE-4E96-AB10-A6BFBD25303A}"
EndProject
Project("{FAE04EC0-301F-11D3-BF4B-00C04F79EFBC}") = "JunimoFarm", "JunimoFarm\JunimoFarm.csproj", "{FFA58F5D-536B-4D0A-BADA-04BABFEFAAB1}"
EndProject
Project("{2150E333-8FDC-42A3-9474-1A3956D46DE8}") = ".metadata", ".metadata", "{D226F84E-C07F-4B0A-BE67-FD606117BCB2}"
	ProjectSection(SolutionItems) = preProject
		.gitattributes = .gitattributes
		.gitignore = .gitignore
		deploy-mod.targets = deploy-mod.targets
		README.md = README.md
	EndProjectSection
EndProject
Project("{FAE04EC0-301F-11D3-BF4B-00C04F79EFBC}") = "NewMachinesPack", "NewMachinesPack\NewMachinesPack.csproj", "{72A0A431-03E4-47A0-86A8-CDDDAC95DD0F}"
EndProject
Project("{FAE04EC0-301F-11D3-BF4B-00C04F79EFBC}") = "CFAutomate", "CFAutomate\CFAutomate.csproj", "{1F3D2062-A619-4F25-9B08-92298311AC7C}"
EndProject
Project("{FAE04EC0-301F-11D3-BF4B-00C04F79EFBC}") = "PelicanTTS", "PelicanTTS\PelicanTTS.csproj", "{B493A555-899A-451F-802E-53E9CA09C234}"
EndProject
Project("{FAE04EC0-301F-11D3-BF4B-00C04F79EFBC}") = "SeedBag", "SeedBag\SeedBag.csproj", "{C587A2BF-75F6-46F2-AD2A-30FAED3E2AA0}"
EndProject
Project("{FAE04EC0-301F-11D3-BF4B-00C04F79EFBC}") = "Aquaponics", "NewBuilding\Aquaponics.csproj", "{B9F74B63-6EFB-4232-9F1E-6AB82F50D24A}"
EndProject
Project("{FAE04EC0-301F-11D3-BF4B-00C04F79EFBC}") = "MoreMapLayers", "MoreMapLayers\MoreMapLayers.csproj", "{9EE55DB3-0CFB-4755-ADC8-5F234CEE82AE}"
EndProject
Project("{FAE04EC0-301F-11D3-BF4B-00C04F79EFBC}") = "CustomTV", "CustomTV\CustomTV.csproj", "{5C694D11-0ADC-4CCD-B58D-1898A067D212}"
EndProject
Project("{FAE04EC0-301F-11D3-BF4B-00C04F79EFBC}") = "RingOfFire", "RingOfFire\RingOfFire.csproj", "{788A164A-4023-4553-844B-D8A2170CC3AF}"
EndProject
Project("{FAE04EC0-301F-11D3-BF4B-00C04F79EFBC}") = "SwimSuit", "SwimSuit\SwimSuit.csproj", "{C3DF9661-3878-4F7C-9922-DA16DC13253A}"
EndProject
Project("{FAE04EC0-301F-11D3-BF4B-00C04F79EFBC}") = "CustomFurniture", "CustomFurniture\CustomFurniture.csproj", "{B60CC08A-ABD5-4B7B-81BF-C0295C11A025}"
EndProject
Project("{FAE04EC0-301F-11D3-BF4B-00C04F79EFBC}") = "CustomNPC", "CustomNPC\CustomNPC.csproj", "{A188A699-1797-4D9D-9B60-823C95BAE59C}"
EndProject
Project("{FAE04EC0-301F-11D3-BF4B-00C04F79EFBC}") = "CustomFurnitureAnywhere", "CustomFurnitureAnywhere\CustomFurnitureAnywhere.csproj", "{4B5FC017-74C2-4C03-9A55-41DCD90C489B}"
EndProject
Project("{FAE04EC0-301F-11D3-BF4B-00C04F79EFBC}") = "Visualize", "Visualize\Visualize.csproj", "{A9A81F01-58DD-4030-BB82-AE7E71D68D99}"
EndProject
Project("{FAE04EC0-301F-11D3-BF4B-00C04F79EFBC}") = "Harmony", "..\Harmony\Harmony\Harmony.csproj", "{69AEE16A-B6E7-4642-8081-3928B32455DF}"
EndProject
Project("{FAE04EC0-301F-11D3-BF4B-00C04F79EFBC}") = "Capitalism", "Capitalism\Capitalism.csproj", "{D4E0525F-537E-49FA-B0A8-D19B774580E7}"
EndProject
Project("{FAE04EC0-301F-11D3-BF4B-00C04F79EFBC}") = "PyTK", "PyTK\PyTK.csproj", "{A8E6272F-A6A1-4BFE-BA8F-021F63596987}"
EndProject
Project("{FAE04EC0-301F-11D3-BF4B-00C04F79EFBC}") = "Sprinkles", "Sprinkles\Sprinkles.csproj", "{9BD185C7-1431-4639-AB4C-81FBA19D734D}"
EndProject
Project("{FAE04EC0-301F-11D3-BF4B-00C04F79EFBC}") = "CustomFarmingRedux", "CustomFarmingRedux\CustomFarmingRedux.csproj", "{43A2A205-3FB0-48AF-9C5A-8BCA7F95E78F}"
EndProject
Project("{FAE04EC0-301F-11D3-BF4B-00C04F79EFBC}") = "HiredLabor", "HiredLabor\HiredLabor.csproj", "{403B1A61-D37A-4D7B-A5D3-48BF66F17BD9}"
EndProject
Project("{FAE04EC0-301F-11D3-BF4B-00C04F79EFBC}") = "TMXLoader", "TMXLoader\TMXLoader.csproj", "{51A3F67D-418C-4E12-ACF3-45388BE5F8DE}"
EndProject
Project("{FAE04EC0-301F-11D3-BF4B-00C04F79EFBC}") = "Screener", "Screener\Screener.csproj", "{87DD35BA-0C41-414B-8AB1-DDA47CAD6FB6}"
EndProject
Project("{FAE04EC0-301F-11D3-BF4B-00C04F79EFBC}") = "ArcadePong", "ArcadePong\ArcadePong.csproj", "{35F9BEC0-4C51-47A2-8CC4-159108F3B5FD}"
EndProject
Project("{FAE04EC0-301F-11D3-BF4B-00C04F79EFBC}") = "Snake", "Snake\Snake.csproj", "{0FEA4C7A-4228-41AA-B987-B773313F4582}"
EndProject
Project("{FAE04EC0-301F-11D3-BF4B-00C04F79EFBC}") = "Arcade2048", "Arcade2048\Arcade2048.csproj", "{016C7B2E-4C46-4BBF-B63A-41FED1909BED}"
EndProject
Project("{FAE04EC0-301F-11D3-BF4B-00C04F79EFBC}") = "SleepWorker", "SleepWorker\SleepWorker.csproj", "{21F7EE2A-F5E5-4A66-8657-403DF821A7CF}"
EndProject
Project("{FAE04EC0-301F-11D3-BF4B-00C04F79EFBC}") = "PlanImporter", "PlanImporter\PlanImporter.csproj", "{BB50602A-0133-4B63-B22F-66E62A965BB5}"
EndProject
Project("{FAE04EC0-301F-11D3-BF4B-00C04F79EFBC}") = "Ultiplayer", "Ultiplayer\Ultiplayer.csproj", "{49FF09B4-84E3-4F1C-BEF2-0A33E7CEDDDC}"
EndProject
Global
	GlobalSection(SolutionConfigurationPlatforms) = preSolution
		Debug|Any CPU = Debug|Any CPU
		Debug|x86 = Debug|x86
		Release|Any CPU = Release|Any CPU
		Release|x86 = Release|x86
	EndGlobalSection
	GlobalSection(ProjectConfigurationPlatforms) = postSolution
		{7A31DAF1-0AC8-48F7-BD2D-E861850ADC72}.Debug|Any CPU.ActiveCfg = Debug|Any CPU
		{7A31DAF1-0AC8-48F7-BD2D-E861850ADC72}.Debug|Any CPU.Build.0 = Debug|Any CPU
		{7A31DAF1-0AC8-48F7-BD2D-E861850ADC72}.Debug|x86.ActiveCfg = Debug|Any CPU
		{7A31DAF1-0AC8-48F7-BD2D-E861850ADC72}.Debug|x86.Build.0 = Debug|Any CPU
		{7A31DAF1-0AC8-48F7-BD2D-E861850ADC72}.Release|Any CPU.ActiveCfg = Release|Any CPU
		{7A31DAF1-0AC8-48F7-BD2D-E861850ADC72}.Release|Any CPU.Build.0 = Release|Any CPU
		{7A31DAF1-0AC8-48F7-BD2D-E861850ADC72}.Release|x86.ActiveCfg = Release|Any CPU
		{7A31DAF1-0AC8-48F7-BD2D-E861850ADC72}.Release|x86.Build.0 = Release|Any CPU
		{88941EB0-70EA-47D5-920E-7262129967F4}.Debug|Any CPU.ActiveCfg = Debug|Any CPU
		{88941EB0-70EA-47D5-920E-7262129967F4}.Debug|Any CPU.Build.0 = Debug|Any CPU
		{88941EB0-70EA-47D5-920E-7262129967F4}.Debug|x86.ActiveCfg = Debug|Any CPU
		{88941EB0-70EA-47D5-920E-7262129967F4}.Debug|x86.Build.0 = Debug|Any CPU
		{88941EB0-70EA-47D5-920E-7262129967F4}.Release|Any CPU.ActiveCfg = Release|Any CPU
		{88941EB0-70EA-47D5-920E-7262129967F4}.Release|Any CPU.Build.0 = Release|Any CPU
		{88941EB0-70EA-47D5-920E-7262129967F4}.Release|Any CPU.Deploy.0 = Release|Any CPU
		{88941EB0-70EA-47D5-920E-7262129967F4}.Release|x86.ActiveCfg = Release|Any CPU
		{88941EB0-70EA-47D5-920E-7262129967F4}.Release|x86.Build.0 = Release|Any CPU
		{1D875951-1F85-4D1B-A73C-7384EFA5BE5F}.Debug|Any CPU.ActiveCfg = Debug|Any CPU
		{1D875951-1F85-4D1B-A73C-7384EFA5BE5F}.Debug|Any CPU.Build.0 = Debug|Any CPU
		{1D875951-1F85-4D1B-A73C-7384EFA5BE5F}.Debug|x86.ActiveCfg = Debug|Any CPU
		{1D875951-1F85-4D1B-A73C-7384EFA5BE5F}.Debug|x86.Build.0 = Debug|Any CPU
		{1D875951-1F85-4D1B-A73C-7384EFA5BE5F}.Release|Any CPU.ActiveCfg = Release|Any CPU
		{1D875951-1F85-4D1B-A73C-7384EFA5BE5F}.Release|Any CPU.Build.0 = Release|Any CPU
		{1D875951-1F85-4D1B-A73C-7384EFA5BE5F}.Release|x86.ActiveCfg = Release|Any CPU
		{1D875951-1F85-4D1B-A73C-7384EFA5BE5F}.Release|x86.Build.0 = Release|Any CPU
		{F749203F-E59B-4093-A8AD-8680C5056085}.Debug|Any CPU.ActiveCfg = Debug|Any CPU
		{F749203F-E59B-4093-A8AD-8680C5056085}.Debug|Any CPU.Build.0 = Debug|Any CPU
		{F749203F-E59B-4093-A8AD-8680C5056085}.Debug|x86.ActiveCfg = Debug|Any CPU
		{F749203F-E59B-4093-A8AD-8680C5056085}.Debug|x86.Build.0 = Debug|Any CPU
		{F749203F-E59B-4093-A8AD-8680C5056085}.Release|Any CPU.ActiveCfg = Release|Any CPU
		{F749203F-E59B-4093-A8AD-8680C5056085}.Release|Any CPU.Build.0 = Release|Any CPU
		{F749203F-E59B-4093-A8AD-8680C5056085}.Release|x86.ActiveCfg = Release|Any CPU
		{F749203F-E59B-4093-A8AD-8680C5056085}.Release|x86.Build.0 = Release|Any CPU
		{4D5DD049-520A-4FC9-B9AF-B7C32BD90424}.Debug|Any CPU.ActiveCfg = Debug|Any CPU
		{4D5DD049-520A-4FC9-B9AF-B7C32BD90424}.Debug|Any CPU.Build.0 = Debug|Any CPU
		{4D5DD049-520A-4FC9-B9AF-B7C32BD90424}.Debug|x86.ActiveCfg = Debug|Any CPU
		{4D5DD049-520A-4FC9-B9AF-B7C32BD90424}.Debug|x86.Build.0 = Debug|Any CPU
		{4D5DD049-520A-4FC9-B9AF-B7C32BD90424}.Release|Any CPU.ActiveCfg = Release|Any CPU
		{4D5DD049-520A-4FC9-B9AF-B7C32BD90424}.Release|Any CPU.Build.0 = Release|Any CPU
		{4D5DD049-520A-4FC9-B9AF-B7C32BD90424}.Release|x86.ActiveCfg = Release|Any CPU
		{4D5DD049-520A-4FC9-B9AF-B7C32BD90424}.Release|x86.Build.0 = Release|Any CPU
		{CDDBC248-8B88-4B29-9AB6-49D9AE9F60E1}.Debug|Any CPU.ActiveCfg = Debug|Any CPU
		{CDDBC248-8B88-4B29-9AB6-49D9AE9F60E1}.Debug|Any CPU.Build.0 = Debug|Any CPU
		{CDDBC248-8B88-4B29-9AB6-49D9AE9F60E1}.Debug|x86.ActiveCfg = Debug|Any CPU
		{CDDBC248-8B88-4B29-9AB6-49D9AE9F60E1}.Debug|x86.Build.0 = Debug|Any CPU
		{CDDBC248-8B88-4B29-9AB6-49D9AE9F60E1}.Release|Any CPU.ActiveCfg = Release|Any CPU
		{CDDBC248-8B88-4B29-9AB6-49D9AE9F60E1}.Release|Any CPU.Build.0 = Release|Any CPU
		{CDDBC248-8B88-4B29-9AB6-49D9AE9F60E1}.Release|x86.ActiveCfg = Release|Any CPU
		{CDDBC248-8B88-4B29-9AB6-49D9AE9F60E1}.Release|x86.Build.0 = Release|Any CPU
		{D04B971E-CCAE-4E96-AB10-A6BFBD25303A}.Debug|Any CPU.ActiveCfg = Debug|Any CPU
		{D04B971E-CCAE-4E96-AB10-A6BFBD25303A}.Debug|Any CPU.Build.0 = Debug|Any CPU
		{D04B971E-CCAE-4E96-AB10-A6BFBD25303A}.Debug|x86.ActiveCfg = Debug|Any CPU
		{D04B971E-CCAE-4E96-AB10-A6BFBD25303A}.Debug|x86.Build.0 = Debug|Any CPU
		{D04B971E-CCAE-4E96-AB10-A6BFBD25303A}.Release|Any CPU.ActiveCfg = Release|Any CPU
		{D04B971E-CCAE-4E96-AB10-A6BFBD25303A}.Release|Any CPU.Build.0 = Release|Any CPU
		{D04B971E-CCAE-4E96-AB10-A6BFBD25303A}.Release|x86.ActiveCfg = Release|Any CPU
		{D04B971E-CCAE-4E96-AB10-A6BFBD25303A}.Release|x86.Build.0 = Release|Any CPU
		{FFA58F5D-536B-4D0A-BADA-04BABFEFAAB1}.Debug|Any CPU.ActiveCfg = Debug|Any CPU
		{FFA58F5D-536B-4D0A-BADA-04BABFEFAAB1}.Debug|Any CPU.Build.0 = Debug|Any CPU
		{FFA58F5D-536B-4D0A-BADA-04BABFEFAAB1}.Debug|x86.ActiveCfg = Debug|Any CPU
		{FFA58F5D-536B-4D0A-BADA-04BABFEFAAB1}.Debug|x86.Build.0 = Debug|Any CPU
		{FFA58F5D-536B-4D0A-BADA-04BABFEFAAB1}.Release|Any CPU.ActiveCfg = Release|Any CPU
		{FFA58F5D-536B-4D0A-BADA-04BABFEFAAB1}.Release|Any CPU.Build.0 = Release|Any CPU
		{FFA58F5D-536B-4D0A-BADA-04BABFEFAAB1}.Release|x86.ActiveCfg = Release|Any CPU
		{FFA58F5D-536B-4D0A-BADA-04BABFEFAAB1}.Release|x86.Build.0 = Release|Any CPU
		{72A0A431-03E4-47A0-86A8-CDDDAC95DD0F}.Debug|Any CPU.ActiveCfg = Debug|Any CPU
		{72A0A431-03E4-47A0-86A8-CDDDAC95DD0F}.Debug|Any CPU.Build.0 = Debug|Any CPU
		{72A0A431-03E4-47A0-86A8-CDDDAC95DD0F}.Debug|x86.ActiveCfg = Debug|Any CPU
		{72A0A431-03E4-47A0-86A8-CDDDAC95DD0F}.Debug|x86.Build.0 = Debug|Any CPU
		{72A0A431-03E4-47A0-86A8-CDDDAC95DD0F}.Release|Any CPU.ActiveCfg = Release|Any CPU
		{72A0A431-03E4-47A0-86A8-CDDDAC95DD0F}.Release|Any CPU.Build.0 = Release|Any CPU
		{72A0A431-03E4-47A0-86A8-CDDDAC95DD0F}.Release|x86.ActiveCfg = Release|Any CPU
		{72A0A431-03E4-47A0-86A8-CDDDAC95DD0F}.Release|x86.Build.0 = Release|Any CPU
		{1F3D2062-A619-4F25-9B08-92298311AC7C}.Debug|Any CPU.ActiveCfg = Debug|Any CPU
		{1F3D2062-A619-4F25-9B08-92298311AC7C}.Debug|Any CPU.Build.0 = Debug|Any CPU
		{1F3D2062-A619-4F25-9B08-92298311AC7C}.Debug|x86.ActiveCfg = Debug|Any CPU
		{1F3D2062-A619-4F25-9B08-92298311AC7C}.Debug|x86.Build.0 = Debug|Any CPU
		{1F3D2062-A619-4F25-9B08-92298311AC7C}.Release|Any CPU.ActiveCfg = Release|Any CPU
		{1F3D2062-A619-4F25-9B08-92298311AC7C}.Release|Any CPU.Build.0 = Release|Any CPU
		{1F3D2062-A619-4F25-9B08-92298311AC7C}.Release|Any CPU.Deploy.0 = Release|Any CPU
		{1F3D2062-A619-4F25-9B08-92298311AC7C}.Release|x86.ActiveCfg = Release|Any CPU
		{1F3D2062-A619-4F25-9B08-92298311AC7C}.Release|x86.Build.0 = Release|Any CPU
		{B493A555-899A-451F-802E-53E9CA09C234}.Debug|Any CPU.ActiveCfg = Debug|Any CPU
		{B493A555-899A-451F-802E-53E9CA09C234}.Debug|Any CPU.Build.0 = Debug|Any CPU
		{B493A555-899A-451F-802E-53E9CA09C234}.Debug|x86.ActiveCfg = Debug|Any CPU
		{B493A555-899A-451F-802E-53E9CA09C234}.Debug|x86.Build.0 = Debug|Any CPU
		{B493A555-899A-451F-802E-53E9CA09C234}.Release|Any CPU.ActiveCfg = Release|Any CPU
		{B493A555-899A-451F-802E-53E9CA09C234}.Release|Any CPU.Build.0 = Release|Any CPU
		{B493A555-899A-451F-802E-53E9CA09C234}.Release|x86.ActiveCfg = Release|Any CPU
		{B493A555-899A-451F-802E-53E9CA09C234}.Release|x86.Build.0 = Release|Any CPU
		{C587A2BF-75F6-46F2-AD2A-30FAED3E2AA0}.Debug|Any CPU.ActiveCfg = Debug|Any CPU
		{C587A2BF-75F6-46F2-AD2A-30FAED3E2AA0}.Debug|Any CPU.Build.0 = Debug|Any CPU
		{C587A2BF-75F6-46F2-AD2A-30FAED3E2AA0}.Debug|x86.ActiveCfg = Debug|Any CPU
		{C587A2BF-75F6-46F2-AD2A-30FAED3E2AA0}.Debug|x86.Build.0 = Debug|Any CPU
		{C587A2BF-75F6-46F2-AD2A-30FAED3E2AA0}.Release|Any CPU.ActiveCfg = Release|Any CPU
		{C587A2BF-75F6-46F2-AD2A-30FAED3E2AA0}.Release|Any CPU.Build.0 = Release|Any CPU
		{C587A2BF-75F6-46F2-AD2A-30FAED3E2AA0}.Release|Any CPU.Deploy.0 = Release|Any CPU
		{C587A2BF-75F6-46F2-AD2A-30FAED3E2AA0}.Release|x86.ActiveCfg = Release|Any CPU
		{C587A2BF-75F6-46F2-AD2A-30FAED3E2AA0}.Release|x86.Build.0 = Release|Any CPU
		{B9F74B63-6EFB-4232-9F1E-6AB82F50D24A}.Debug|Any CPU.ActiveCfg = Debug|Any CPU
		{B9F74B63-6EFB-4232-9F1E-6AB82F50D24A}.Debug|Any CPU.Build.0 = Debug|Any CPU
		{B9F74B63-6EFB-4232-9F1E-6AB82F50D24A}.Debug|x86.ActiveCfg = Debug|Any CPU
		{B9F74B63-6EFB-4232-9F1E-6AB82F50D24A}.Debug|x86.Build.0 = Debug|Any CPU
		{B9F74B63-6EFB-4232-9F1E-6AB82F50D24A}.Release|Any CPU.ActiveCfg = Release|Any CPU
		{B9F74B63-6EFB-4232-9F1E-6AB82F50D24A}.Release|Any CPU.Build.0 = Release|Any CPU
		{B9F74B63-6EFB-4232-9F1E-6AB82F50D24A}.Release|x86.ActiveCfg = Release|Any CPU
		{B9F74B63-6EFB-4232-9F1E-6AB82F50D24A}.Release|x86.Build.0 = Release|Any CPU
		{9EE55DB3-0CFB-4755-ADC8-5F234CEE82AE}.Debug|Any CPU.ActiveCfg = Debug|Any CPU
		{9EE55DB3-0CFB-4755-ADC8-5F234CEE82AE}.Debug|Any CPU.Build.0 = Debug|Any CPU
		{9EE55DB3-0CFB-4755-ADC8-5F234CEE82AE}.Debug|x86.ActiveCfg = Debug|Any CPU
		{9EE55DB3-0CFB-4755-ADC8-5F234CEE82AE}.Debug|x86.Build.0 = Debug|Any CPU
		{9EE55DB3-0CFB-4755-ADC8-5F234CEE82AE}.Release|Any CPU.ActiveCfg = Release|Any CPU
		{9EE55DB3-0CFB-4755-ADC8-5F234CEE82AE}.Release|Any CPU.Build.0 = Release|Any CPU
		{9EE55DB3-0CFB-4755-ADC8-5F234CEE82AE}.Release|x86.ActiveCfg = Release|Any CPU
		{9EE55DB3-0CFB-4755-ADC8-5F234CEE82AE}.Release|x86.Build.0 = Release|Any CPU
		{5C694D11-0ADC-4CCD-B58D-1898A067D212}.Debug|Any CPU.ActiveCfg = Debug|Any CPU
		{5C694D11-0ADC-4CCD-B58D-1898A067D212}.Debug|Any CPU.Build.0 = Debug|Any CPU
		{5C694D11-0ADC-4CCD-B58D-1898A067D212}.Debug|x86.ActiveCfg = Debug|Any CPU
		{5C694D11-0ADC-4CCD-B58D-1898A067D212}.Debug|x86.Build.0 = Debug|Any CPU
		{5C694D11-0ADC-4CCD-B58D-1898A067D212}.Release|Any CPU.ActiveCfg = Release|Any CPU
		{5C694D11-0ADC-4CCD-B58D-1898A067D212}.Release|Any CPU.Build.0 = Release|Any CPU
		{5C694D11-0ADC-4CCD-B58D-1898A067D212}.Release|x86.ActiveCfg = Release|Any CPU
		{5C694D11-0ADC-4CCD-B58D-1898A067D212}.Release|x86.Build.0 = Release|Any CPU
		{788A164A-4023-4553-844B-D8A2170CC3AF}.Debug|Any CPU.ActiveCfg = Debug|Any CPU
		{788A164A-4023-4553-844B-D8A2170CC3AF}.Debug|Any CPU.Build.0 = Debug|Any CPU
		{788A164A-4023-4553-844B-D8A2170CC3AF}.Debug|x86.ActiveCfg = Debug|Any CPU
		{788A164A-4023-4553-844B-D8A2170CC3AF}.Debug|x86.Build.0 = Debug|Any CPU
		{788A164A-4023-4553-844B-D8A2170CC3AF}.Release|Any CPU.ActiveCfg = Release|Any CPU
		{788A164A-4023-4553-844B-D8A2170CC3AF}.Release|Any CPU.Build.0 = Release|Any CPU
		{788A164A-4023-4553-844B-D8A2170CC3AF}.Release|x86.ActiveCfg = Release|Any CPU
		{788A164A-4023-4553-844B-D8A2170CC3AF}.Release|x86.Build.0 = Release|Any CPU
		{C3DF9661-3878-4F7C-9922-DA16DC13253A}.Debug|Any CPU.ActiveCfg = Debug|Any CPU
		{C3DF9661-3878-4F7C-9922-DA16DC13253A}.Debug|Any CPU.Build.0 = Debug|Any CPU
		{C3DF9661-3878-4F7C-9922-DA16DC13253A}.Debug|x86.ActiveCfg = Debug|Any CPU
		{C3DF9661-3878-4F7C-9922-DA16DC13253A}.Debug|x86.Build.0 = Debug|Any CPU
		{C3DF9661-3878-4F7C-9922-DA16DC13253A}.Release|Any CPU.ActiveCfg = Release|Any CPU
		{C3DF9661-3878-4F7C-9922-DA16DC13253A}.Release|Any CPU.Build.0 = Release|Any CPU
		{C3DF9661-3878-4F7C-9922-DA16DC13253A}.Release|x86.ActiveCfg = Release|Any CPU
		{C3DF9661-3878-4F7C-9922-DA16DC13253A}.Release|x86.Build.0 = Release|Any CPU
		{B60CC08A-ABD5-4B7B-81BF-C0295C11A025}.Debug|Any CPU.ActiveCfg = Debug|Any CPU
		{B60CC08A-ABD5-4B7B-81BF-C0295C11A025}.Debug|Any CPU.Build.0 = Debug|Any CPU
		{B60CC08A-ABD5-4B7B-81BF-C0295C11A025}.Debug|x86.ActiveCfg = Debug|Any CPU
		{B60CC08A-ABD5-4B7B-81BF-C0295C11A025}.Debug|x86.Build.0 = Debug|Any CPU
		{B60CC08A-ABD5-4B7B-81BF-C0295C11A025}.Release|Any CPU.ActiveCfg = Release|Any CPU
		{B60CC08A-ABD5-4B7B-81BF-C0295C11A025}.Release|Any CPU.Build.0 = Release|Any CPU
		{B60CC08A-ABD5-4B7B-81BF-C0295C11A025}.Release|x86.ActiveCfg = Release|Any CPU
		{B60CC08A-ABD5-4B7B-81BF-C0295C11A025}.Release|x86.Build.0 = Release|Any CPU
		{A188A699-1797-4D9D-9B60-823C95BAE59C}.Debug|Any CPU.ActiveCfg = Debug|Any CPU
		{A188A699-1797-4D9D-9B60-823C95BAE59C}.Debug|Any CPU.Build.0 = Debug|Any CPU
		{A188A699-1797-4D9D-9B60-823C95BAE59C}.Debug|x86.ActiveCfg = Debug|Any CPU
		{A188A699-1797-4D9D-9B60-823C95BAE59C}.Debug|x86.Build.0 = Debug|Any CPU
		{A188A699-1797-4D9D-9B60-823C95BAE59C}.Release|Any CPU.ActiveCfg = Release|Any CPU
		{A188A699-1797-4D9D-9B60-823C95BAE59C}.Release|Any CPU.Build.0 = Release|Any CPU
		{A188A699-1797-4D9D-9B60-823C95BAE59C}.Release|x86.ActiveCfg = Release|Any CPU
		{A188A699-1797-4D9D-9B60-823C95BAE59C}.Release|x86.Build.0 = Release|Any CPU
		{4B5FC017-74C2-4C03-9A55-41DCD90C489B}.Debug|Any CPU.ActiveCfg = Debug|Any CPU
		{4B5FC017-74C2-4C03-9A55-41DCD90C489B}.Debug|Any CPU.Build.0 = Debug|Any CPU
		{4B5FC017-74C2-4C03-9A55-41DCD90C489B}.Debug|x86.ActiveCfg = Debug|Any CPU
		{4B5FC017-74C2-4C03-9A55-41DCD90C489B}.Debug|x86.Build.0 = Debug|Any CPU
		{4B5FC017-74C2-4C03-9A55-41DCD90C489B}.Release|Any CPU.ActiveCfg = Release|Any CPU
		{4B5FC017-74C2-4C03-9A55-41DCD90C489B}.Release|Any CPU.Build.0 = Release|Any CPU
		{4B5FC017-74C2-4C03-9A55-41DCD90C489B}.Release|x86.ActiveCfg = Release|Any CPU
		{4B5FC017-74C2-4C03-9A55-41DCD90C489B}.Release|x86.Build.0 = Release|Any CPU
		{A9A81F01-58DD-4030-BB82-AE7E71D68D99}.Debug|Any CPU.ActiveCfg = Debug|Any CPU
		{A9A81F01-58DD-4030-BB82-AE7E71D68D99}.Debug|Any CPU.Build.0 = Debug|Any CPU
		{A9A81F01-58DD-4030-BB82-AE7E71D68D99}.Debug|x86.ActiveCfg = Debug|Any CPU
		{A9A81F01-58DD-4030-BB82-AE7E71D68D99}.Debug|x86.Build.0 = Debug|Any CPU
		{A9A81F01-58DD-4030-BB82-AE7E71D68D99}.Release|Any CPU.ActiveCfg = Release|Any CPU
		{A9A81F01-58DD-4030-BB82-AE7E71D68D99}.Release|Any CPU.Build.0 = Release|Any CPU
		{A9A81F01-58DD-4030-BB82-AE7E71D68D99}.Release|x86.ActiveCfg = Release|Any CPU
		{A9A81F01-58DD-4030-BB82-AE7E71D68D99}.Release|x86.Build.0 = Release|Any CPU
		{69AEE16A-B6E7-4642-8081-3928B32455DF}.Debug|Any CPU.ActiveCfg = Debug|Any CPU
		{69AEE16A-B6E7-4642-8081-3928B32455DF}.Debug|Any CPU.Build.0 = Debug|Any CPU
		{69AEE16A-B6E7-4642-8081-3928B32455DF}.Debug|x86.ActiveCfg = Debug|Any CPU
		{69AEE16A-B6E7-4642-8081-3928B32455DF}.Debug|x86.Build.0 = Debug|Any CPU
		{69AEE16A-B6E7-4642-8081-3928B32455DF}.Release|Any CPU.ActiveCfg = Release|Any CPU
		{69AEE16A-B6E7-4642-8081-3928B32455DF}.Release|Any CPU.Build.0 = Release|Any CPU
		{69AEE16A-B6E7-4642-8081-3928B32455DF}.Release|x86.ActiveCfg = Release|Any CPU
		{69AEE16A-B6E7-4642-8081-3928B32455DF}.Release|x86.Build.0 = Release|Any CPU
		{D4E0525F-537E-49FA-B0A8-D19B774580E7}.Debug|Any CPU.ActiveCfg = Debug|Any CPU
		{D4E0525F-537E-49FA-B0A8-D19B774580E7}.Debug|Any CPU.Build.0 = Debug|Any CPU
		{D4E0525F-537E-49FA-B0A8-D19B774580E7}.Debug|x86.ActiveCfg = Debug|Any CPU
		{D4E0525F-537E-49FA-B0A8-D19B774580E7}.Debug|x86.Build.0 = Debug|Any CPU
		{D4E0525F-537E-49FA-B0A8-D19B774580E7}.Release|Any CPU.ActiveCfg = Release|Any CPU
		{D4E0525F-537E-49FA-B0A8-D19B774580E7}.Release|Any CPU.Build.0 = Release|Any CPU
		{D4E0525F-537E-49FA-B0A8-D19B774580E7}.Release|x86.ActiveCfg = Release|Any CPU
		{D4E0525F-537E-49FA-B0A8-D19B774580E7}.Release|x86.Build.0 = Release|Any CPU
		{A8E6272F-A6A1-4BFE-BA8F-021F63596987}.Debug|Any CPU.ActiveCfg = Debug|Any CPU
		{A8E6272F-A6A1-4BFE-BA8F-021F63596987}.Debug|Any CPU.Build.0 = Debug|Any CPU
		{A8E6272F-A6A1-4BFE-BA8F-021F63596987}.Debug|x86.ActiveCfg = Debug|Any CPU
		{A8E6272F-A6A1-4BFE-BA8F-021F63596987}.Debug|x86.Build.0 = Debug|Any CPU
		{A8E6272F-A6A1-4BFE-BA8F-021F63596987}.Release|Any CPU.ActiveCfg = Release|Any CPU
		{A8E6272F-A6A1-4BFE-BA8F-021F63596987}.Release|Any CPU.Build.0 = Release|Any CPU
		{A8E6272F-A6A1-4BFE-BA8F-021F63596987}.Release|x86.ActiveCfg = Release|Any CPU
		{A8E6272F-A6A1-4BFE-BA8F-021F63596987}.Release|x86.Build.0 = Release|Any CPU
		{9BD185C7-1431-4639-AB4C-81FBA19D734D}.Debug|Any CPU.ActiveCfg = Debug|Any CPU
		{9BD185C7-1431-4639-AB4C-81FBA19D734D}.Debug|Any CPU.Build.0 = Debug|Any CPU
		{9BD185C7-1431-4639-AB4C-81FBA19D734D}.Debug|x86.ActiveCfg = Debug|Any CPU
		{9BD185C7-1431-4639-AB4C-81FBA19D734D}.Debug|x86.Build.0 = Debug|Any CPU
		{9BD185C7-1431-4639-AB4C-81FBA19D734D}.Release|Any CPU.ActiveCfg = Release|Any CPU
		{9BD185C7-1431-4639-AB4C-81FBA19D734D}.Release|Any CPU.Build.0 = Release|Any CPU
		{9BD185C7-1431-4639-AB4C-81FBA19D734D}.Release|x86.ActiveCfg = Release|Any CPU
		{9BD185C7-1431-4639-AB4C-81FBA19D734D}.Release|x86.Build.0 = Release|Any CPU
		{43A2A205-3FB0-48AF-9C5A-8BCA7F95E78F}.Debug|Any CPU.ActiveCfg = Debug|Any CPU
		{43A2A205-3FB0-48AF-9C5A-8BCA7F95E78F}.Debug|Any CPU.Build.0 = Debug|Any CPU
		{43A2A205-3FB0-48AF-9C5A-8BCA7F95E78F}.Debug|x86.ActiveCfg = Debug|Any CPU
		{43A2A205-3FB0-48AF-9C5A-8BCA7F95E78F}.Debug|x86.Build.0 = Debug|Any CPU
		{43A2A205-3FB0-48AF-9C5A-8BCA7F95E78F}.Release|Any CPU.ActiveCfg = Release|Any CPU
		{43A2A205-3FB0-48AF-9C5A-8BCA7F95E78F}.Release|Any CPU.Build.0 = Release|Any CPU
		{43A2A205-3FB0-48AF-9C5A-8BCA7F95E78F}.Release|x86.ActiveCfg = Release|Any CPU
		{43A2A205-3FB0-48AF-9C5A-8BCA7F95E78F}.Release|x86.Build.0 = Release|Any CPU
		{403B1A61-D37A-4D7B-A5D3-48BF66F17BD9}.Debug|Any CPU.ActiveCfg = Debug|Any CPU
		{403B1A61-D37A-4D7B-A5D3-48BF66F17BD9}.Debug|Any CPU.Build.0 = Debug|Any CPU
		{403B1A61-D37A-4D7B-A5D3-48BF66F17BD9}.Debug|x86.ActiveCfg = Debug|Any CPU
		{403B1A61-D37A-4D7B-A5D3-48BF66F17BD9}.Debug|x86.Build.0 = Debug|Any CPU
		{403B1A61-D37A-4D7B-A5D3-48BF66F17BD9}.Release|Any CPU.ActiveCfg = Release|Any CPU
		{403B1A61-D37A-4D7B-A5D3-48BF66F17BD9}.Release|Any CPU.Build.0 = Release|Any CPU
		{403B1A61-D37A-4D7B-A5D3-48BF66F17BD9}.Release|x86.ActiveCfg = Release|Any CPU
		{403B1A61-D37A-4D7B-A5D3-48BF66F17BD9}.Release|x86.Build.0 = Release|Any CPU
		{51A3F67D-418C-4E12-ACF3-45388BE5F8DE}.Debug|Any CPU.ActiveCfg = Debug|Any CPU
		{51A3F67D-418C-4E12-ACF3-45388BE5F8DE}.Debug|Any CPU.Build.0 = Debug|Any CPU
		{51A3F67D-418C-4E12-ACF3-45388BE5F8DE}.Debug|x86.ActiveCfg = Debug|Any CPU
		{51A3F67D-418C-4E12-ACF3-45388BE5F8DE}.Debug|x86.Build.0 = Debug|Any CPU
		{51A3F67D-418C-4E12-ACF3-45388BE5F8DE}.Release|Any CPU.ActiveCfg = Release|Any CPU
		{51A3F67D-418C-4E12-ACF3-45388BE5F8DE}.Release|Any CPU.Build.0 = Release|Any CPU
		{51A3F67D-418C-4E12-ACF3-45388BE5F8DE}.Release|x86.ActiveCfg = Release|Any CPU
		{51A3F67D-418C-4E12-ACF3-45388BE5F8DE}.Release|x86.Build.0 = Release|Any CPU
		{87DD35BA-0C41-414B-8AB1-DDA47CAD6FB6}.Debug|Any CPU.ActiveCfg = Debug|Any CPU
		{87DD35BA-0C41-414B-8AB1-DDA47CAD6FB6}.Debug|Any CPU.Build.0 = Debug|Any CPU
		{87DD35BA-0C41-414B-8AB1-DDA47CAD6FB6}.Debug|x86.ActiveCfg = Debug|Any CPU
		{87DD35BA-0C41-414B-8AB1-DDA47CAD6FB6}.Debug|x86.Build.0 = Debug|Any CPU
		{87DD35BA-0C41-414B-8AB1-DDA47CAD6FB6}.Release|Any CPU.ActiveCfg = Release|Any CPU
		{87DD35BA-0C41-414B-8AB1-DDA47CAD6FB6}.Release|Any CPU.Build.0 = Release|Any CPU
		{87DD35BA-0C41-414B-8AB1-DDA47CAD6FB6}.Release|x86.ActiveCfg = Release|Any CPU
		{87DD35BA-0C41-414B-8AB1-DDA47CAD6FB6}.Release|x86.Build.0 = Release|Any CPU
		{35F9BEC0-4C51-47A2-8CC4-159108F3B5FD}.Debug|Any CPU.ActiveCfg = Debug|Any CPU
		{35F9BEC0-4C51-47A2-8CC4-159108F3B5FD}.Debug|Any CPU.Build.0 = Debug|Any CPU
		{35F9BEC0-4C51-47A2-8CC4-159108F3B5FD}.Debug|x86.ActiveCfg = Debug|Any CPU
		{35F9BEC0-4C51-47A2-8CC4-159108F3B5FD}.Debug|x86.Build.0 = Debug|Any CPU
		{35F9BEC0-4C51-47A2-8CC4-159108F3B5FD}.Release|Any CPU.ActiveCfg = Release|Any CPU
		{35F9BEC0-4C51-47A2-8CC4-159108F3B5FD}.Release|Any CPU.Build.0 = Release|Any CPU
		{35F9BEC0-4C51-47A2-8CC4-159108F3B5FD}.Release|x86.ActiveCfg = Release|Any CPU
		{35F9BEC0-4C51-47A2-8CC4-159108F3B5FD}.Release|x86.Build.0 = Release|Any CPU
		{0FEA4C7A-4228-41AA-B987-B773313F4582}.Debug|Any CPU.ActiveCfg = Debug|Any CPU
		{0FEA4C7A-4228-41AA-B987-B773313F4582}.Debug|Any CPU.Build.0 = Debug|Any CPU
		{0FEA4C7A-4228-41AA-B987-B773313F4582}.Debug|x86.ActiveCfg = Debug|Any CPU
		{0FEA4C7A-4228-41AA-B987-B773313F4582}.Debug|x86.Build.0 = Debug|Any CPU
		{0FEA4C7A-4228-41AA-B987-B773313F4582}.Release|Any CPU.ActiveCfg = Release|Any CPU
		{0FEA4C7A-4228-41AA-B987-B773313F4582}.Release|Any CPU.Build.0 = Release|Any CPU
		{0FEA4C7A-4228-41AA-B987-B773313F4582}.Release|x86.ActiveCfg = Release|Any CPU
		{0FEA4C7A-4228-41AA-B987-B773313F4582}.Release|x86.Build.0 = Release|Any CPU
		{016C7B2E-4C46-4BBF-B63A-41FED1909BED}.Debug|Any CPU.ActiveCfg = Debug|Any CPU
		{016C7B2E-4C46-4BBF-B63A-41FED1909BED}.Debug|Any CPU.Build.0 = Debug|Any CPU
		{016C7B2E-4C46-4BBF-B63A-41FED1909BED}.Debug|x86.ActiveCfg = Debug|Any CPU
		{016C7B2E-4C46-4BBF-B63A-41FED1909BED}.Debug|x86.Build.0 = Debug|Any CPU
		{016C7B2E-4C46-4BBF-B63A-41FED1909BED}.Release|Any CPU.ActiveCfg = Release|Any CPU
		{016C7B2E-4C46-4BBF-B63A-41FED1909BED}.Release|Any CPU.Build.0 = Release|Any CPU
		{016C7B2E-4C46-4BBF-B63A-41FED1909BED}.Release|x86.ActiveCfg = Release|Any CPU
		{016C7B2E-4C46-4BBF-B63A-41FED1909BED}.Release|x86.Build.0 = Release|Any CPU
		{21F7EE2A-F5E5-4A66-8657-403DF821A7CF}.Debug|Any CPU.ActiveCfg = Debug|Any CPU
		{21F7EE2A-F5E5-4A66-8657-403DF821A7CF}.Debug|Any CPU.Build.0 = Debug|Any CPU
		{21F7EE2A-F5E5-4A66-8657-403DF821A7CF}.Debug|x86.ActiveCfg = Debug|Any CPU
		{21F7EE2A-F5E5-4A66-8657-403DF821A7CF}.Debug|x86.Build.0 = Debug|Any CPU
		{21F7EE2A-F5E5-4A66-8657-403DF821A7CF}.Release|Any CPU.ActiveCfg = Release|Any CPU
		{21F7EE2A-F5E5-4A66-8657-403DF821A7CF}.Release|Any CPU.Build.0 = Release|Any CPU
		{21F7EE2A-F5E5-4A66-8657-403DF821A7CF}.Release|x86.ActiveCfg = Release|Any CPU
		{21F7EE2A-F5E5-4A66-8657-403DF821A7CF}.Release|x86.Build.0 = Release|Any CPU
		{BB50602A-0133-4B63-B22F-66E62A965BB5}.Debug|Any CPU.ActiveCfg = Debug|Any CPU
		{BB50602A-0133-4B63-B22F-66E62A965BB5}.Debug|Any CPU.Build.0 = Debug|Any CPU
		{BB50602A-0133-4B63-B22F-66E62A965BB5}.Debug|x86.ActiveCfg = Debug|Any CPU
		{BB50602A-0133-4B63-B22F-66E62A965BB5}.Debug|x86.Build.0 = Debug|Any CPU
		{BB50602A-0133-4B63-B22F-66E62A965BB5}.Release|Any CPU.ActiveCfg = Release|Any CPU
		{BB50602A-0133-4B63-B22F-66E62A965BB5}.Release|Any CPU.Build.0 = Release|Any CPU
		{BB50602A-0133-4B63-B22F-66E62A965BB5}.Release|x86.ActiveCfg = Release|Any CPU
		{BB50602A-0133-4B63-B22F-66E62A965BB5}.Release|x86.Build.0 = Release|Any CPU
		{49FF09B4-84E3-4F1C-BEF2-0A33E7CEDDDC}.Debug|Any CPU.ActiveCfg = Debug|Any CPU
		{49FF09B4-84E3-4F1C-BEF2-0A33E7CEDDDC}.Debug|Any CPU.Build.0 = Debug|Any CPU
		{49FF09B4-84E3-4F1C-BEF2-0A33E7CEDDDC}.Debug|x86.ActiveCfg = Debug|Any CPU
		{49FF09B4-84E3-4F1C-BEF2-0A33E7CEDDDC}.Debug|x86.Build.0 = Debug|Any CPU
		{49FF09B4-84E3-4F1C-BEF2-0A33E7CEDDDC}.Release|Any CPU.ActiveCfg = Release|Any CPU
		{49FF09B4-84E3-4F1C-BEF2-0A33E7CEDDDC}.Release|Any CPU.Build.0 = Release|Any CPU
		{49FF09B4-84E3-4F1C-BEF2-0A33E7CEDDDC}.Release|x86.ActiveCfg = Release|Any CPU
		{49FF09B4-84E3-4F1C-BEF2-0A33E7CEDDDC}.Release|x86.Build.0 = Release|Any CPU
	EndGlobalSection
	GlobalSection(SolutionProperties) = preSolution
		HideSolutionNode = FALSE
	EndGlobalSection
	GlobalSection(ExtensibilityGlobals) = postSolution
		SolutionGuid = {7EFA2B12-CD69-4268-8CFA-F8A82A31DBCC}
	EndGlobalSection
EndGlobal
