
Microsoft Visual Studio Solution File, Format Version 12.00
# Visual Studio Version 16
VisualStudioVersion = 16.0.28803.156
MinimumVisualStudioVersion = 10.0.40219.1
Project("{2150E333-8FDC-42A3-9474-1A3956D46DE8}") = ".root", ".root", "{D226F84E-C07F-4B0A-BE67-FD606117BCB2}"
	ProjectSection(SolutionItems) = preProject
		.gitattributes = .gitattributes
		.gitignore = .gitignore
		common.targets = common.targets
		README.md = README.md
	EndProjectSection
EndProject
Project("{2150E333-8FDC-42A3-9474-1A3956D46DE8}") = "Archived", "Archived", "{E872F02F-E48F-48D3-9CD4-6DCB419DF235}"
EndProject
Project("{9A19103F-16F7-4668-BE54-9A1E7A4F7556}") = "JunimoFarm", "JunimoFarm\JunimoFarm.csproj", "{04750674-5F6A-4752-8BF4-DB29567E0735}"
EndProject
Project("{9A19103F-16F7-4668-BE54-9A1E7A4F7556}") = "RingOfFire", "RingOfFire\RingOfFire.csproj", "{6B9FD051-0A7E-4652-9463-3E6629568A0D}"
EndProject
Project("{9A19103F-16F7-4668-BE54-9A1E7A4F7556}") = "SDVGameBoy", "SDVGameBoy\SDVGameBoy.csproj", "{81FE9B55-0997-4670-8A03-B19ECD6572F2}"
EndProject
Project("{9A19103F-16F7-4668-BE54-9A1E7A4F7556}") = "Speedster", "Speedster\Speedster.csproj", "{0FA76F97-871C-4F4E-8A59-4EFB364F905B}"
EndProject
Project("{9A19103F-16F7-4668-BE54-9A1E7A4F7556}") = "Ultiplayer", "Ultiplayer\Ultiplayer.csproj", "{9FAF8CAA-9464-4D72-99A9-143EC3495EC6}"
EndProject
Project("{2150E333-8FDC-42A3-9474-1A3956D46DE8}") = "ContentPacks", "ContentPacks", "{DE4D4E3F-A4AE-46D2-85FA-A3A69F4747B1}"
EndProject
Project("{2150E333-8FDC-42A3-9474-1A3956D46DE8}") = "CustomShirts", "CustomShirts", "{9E05833C-A06B-49DC-B95F-5D518835B83B}"
EndProject
Project("{9A19103F-16F7-4668-BE54-9A1E7A4F7556}") = "CS_Platonymous_WorldCup2018", "CS_Platonymous_WorldCup2018\CS_Platonymous_WorldCup2018.csproj", "{B06C2FB5-3D82-439C-8761-E3E427FE0E36}"
EndProject
Project("{2150E333-8FDC-42A3-9474-1A3956D46DE8}") = "TMXLoader", "TMXLoader", "{E99345AC-02CD-45DB-9822-2FE71AC46840}"
EndProject
Project("{9A19103F-16F7-4668-BE54-9A1E7A4F7556}") = "TMX_BusPeople", "TMX_BusPeople\TMX_BusPeople.csproj", "{23C4D0B7-E356-4363-88E1-F225955FAD29}"
EndProject
Project("{9A19103F-16F7-4668-BE54-9A1E7A4F7556}") = "Arcade2048", "Arcade2048\Arcade2048.csproj", "{D5ED33BB-25BE-4E8E-A92E-906B47D879B3}"
EndProject
Project("{9A19103F-16F7-4668-BE54-9A1E7A4F7556}") = "ArcadePong", "ArcadePong\ArcadePong.csproj", "{E7E0548A-6702-4375-A0E4-E214B8726787}"
EndProject
Project("{9A19103F-16F7-4668-BE54-9A1E7A4F7556}") = "ArcadeSnake", "ArcadeSnake\ArcadeSnake.csproj", "{0DBA76ED-5BC7-4B7C-A8A1-9C80A629CD41}"
EndProject
Project("{9A19103F-16F7-4668-BE54-9A1E7A4F7556}") = "ATM", "ATM\ATM.csproj", "{C86BCA24-6E44-4516-9227-7AB86EBC7D9E}"
EndProject
Project("{9A19103F-16F7-4668-BE54-9A1E7A4F7556}") = "CFAutomate", "CFAutomate\CFAutomate.csproj", "{08D963C1-2895-4C10-9F63-9189861A2A02}"
EndProject
Project("{9A19103F-16F7-4668-BE54-9A1E7A4F7556}") = "ChessBoard", "ChessBoard\ChessBoard.csproj", "{CEA5F6A0-5BD7-4076-BF46-4712EFB00A0F}"
EndProject
Project("{9A19103F-16F7-4668-BE54-9A1E7A4F7556}") = "CropExtensions", "CropExtensions\CropExtensions.csproj", "{36D111C2-6DF5-4A85-B089-F25845CCC2FB}"
EndProject
Project("{9A19103F-16F7-4668-BE54-9A1E7A4F7556}") = "CustomFarmingRedux", "CustomFarmingRedux\CustomFarmingRedux.csproj", "{64FBB3C1-2B2E-4A11-AC53-064DBFC17157}"
EndProject
Project("{9A19103F-16F7-4668-BE54-9A1E7A4F7556}") = "CustomFurniture", "CustomFurniture\CustomFurniture.csproj", "{1DEBD19E-79A1-4156-9329-489846AB421D}"
EndProject
Project("{9A19103F-16F7-4668-BE54-9A1E7A4F7556}") = "CustomFurnitureAnywhere", "CustomFurnitureAnywhere\CustomFurnitureAnywhere.csproj", "{6A191C0C-7DA7-42AA-8087-8E9F7F463F38}"
EndProject
Project("{9A19103F-16F7-4668-BE54-9A1E7A4F7556}") = "CustomMovies", "CustomMovies\CustomMovies.csproj", "{D87A781B-EFB4-4590-875D-5B9F4321FFA7}"
EndProject
Project("{9A19103F-16F7-4668-BE54-9A1E7A4F7556}") = "CustomMusic", "CustomMusic\CustomMusic.csproj", "{46B2BF68-888F-4058-9FA8-932A9D12A905}"
EndProject
Project("{9A19103F-16F7-4668-BE54-9A1E7A4F7556}") = "CustomNPC", "CustomNPC\CustomNPC.csproj", "{E544E84B-495C-4EEE-A10E-E3AA15A5915C}"
EndProject
Project("{9A19103F-16F7-4668-BE54-9A1E7A4F7556}") = "CustomShirts", "CustomShirts\CustomShirts.csproj", "{F85225BD-9B09-4016-8789-9E367A10122B}"
EndProject
Project("{9A19103F-16F7-4668-BE54-9A1E7A4F7556}") = "CustomWallsAndFloors", "CustomWallsAndFloors\CustomWallsAndFloors.csproj", "{067CEBB3-824F-4EC7-91DB-9A98E45647F9}"
EndProject
Project("{9A19103F-16F7-4668-BE54-9A1E7A4F7556}") = "FarmHub", "FarmHub\FarmHub.csproj", "{EB434543-F912-4D80-A5C7-19454CA03A0B}"
EndProject
Project("{9A19103F-16F7-4668-BE54-9A1E7A4F7556}") = "GeodeCrusherExtension", "GeodeCrusherExtension\GeodeCrusherExtension.csproj", "{186E9683-8BF4-425D-BA6D-35D925B42211}"
EndProject
Project("{9A19103F-16F7-4668-BE54-9A1E7A4F7556}") = "GhostTown", "GhostTown\GhostTown.csproj", "{26D418E0-499A-41FA-8D7F-C26E278AF823}"
EndProject
Project("{9A19103F-16F7-4668-BE54-9A1E7A4F7556}") = "GifRecorder", "ShaderTest\GifRecorder.csproj", "{F801BFEB-A4DC-4EA2-93D0-82D4FA881B35}"
EndProject
Project("{9A19103F-16F7-4668-BE54-9A1E7A4F7556}") = "HarpOfYobaRedux", "HarpOfYobaRedux\HarpOfYobaRedux.csproj", "{B10C290B-D96F-437C-9EB6-F8B843D2B3E7}"
EndProject
Project("{9A19103F-16F7-4668-BE54-9A1E7A4F7556}") = "JoJaBan", "JoJaBan\JoJaBan.csproj", "{7D7445D0-59F6-4074-BCE0-5F947B40F94F}"
EndProject
Project("{9A19103F-16F7-4668-BE54-9A1E7A4F7556}") = "MachineHandlerTest", "MachineHandlerTest\MachineHandlerTest.csproj", "{7EE13CB9-1813-4CBA-B945-DD224A91E96B}"
EndProject
Project("{9A19103F-16F7-4668-BE54-9A1E7A4F7556}") = "MultiplayerTweaks", "MultiplayerTweaks\MultiplayerTweaks.csproj", "{BF1B4C86-6B0F-4470-B736-884A8104BC9B}"
EndProject
Project("{9A19103F-16F7-4668-BE54-9A1E7A4F7556}") = "NoSoilDecayRedux", "NoSoilDecayRedux\NoSoilDecayRedux.csproj", "{FBC843D2-9BBF-434B-80D6-443B3721DE10}"
EndProject
Project("{9A19103F-16F7-4668-BE54-9A1E7A4F7556}") = "Notes", "Notes\Notes.csproj", "{0F2BC734-9EA3-42E6-9D28-D98E66653FAA}"
EndProject
Project("{9A19103F-16F7-4668-BE54-9A1E7A4F7556}") = "PelicanTTS", "PelicanTTS\PelicanTTS.csproj", "{6043E263-4B66-41BB-A1D8-177C23B4D04A}"
EndProject
Project("{9A19103F-16F7-4668-BE54-9A1E7A4F7556}") = "PlanImporter", "PlanImporter\PlanImporter.csproj", "{D36B2484-1C64-4940-86D2-78DB75FDBBE8}"
EndProject
Project("{9A19103F-16F7-4668-BE54-9A1E7A4F7556}") = "Portraiture", "Portraiture\Portraiture.csproj", "{CB9C0348-FADC-4384-82F2-4321717EA8B1}"
EndProject
Project("{9A19103F-16F7-4668-BE54-9A1E7A4F7556}") = "PyTK", "PyTK\PyTK.csproj", "{E72D450A-E9FD-450A-8754-8574279D9D7D}"
EndProject
Project("{9A19103F-16F7-4668-BE54-9A1E7A4F7556}") = "ScaleUp", "ScaleUp\ScaleUp.csproj", "{C3954D4B-B39F-4756-894B-8CFB3019332E}"
EndProject
Project("{9A19103F-16F7-4668-BE54-9A1E7A4F7556}") = "SeedBag", "SeedBag\SeedBag.csproj", "{10ED9E5F-96EF-4E31-91AD-ECD2F7AB1D94}"
EndProject
Project("{9A19103F-16F7-4668-BE54-9A1E7A4F7556}") = "ShipFromInventory", "ShipFromInventory\ShipFromInventory.csproj", "{26353E4D-8AE3-4D17-B658-E00E67FF1FBF}"
EndProject
Project("{9A19103F-16F7-4668-BE54-9A1E7A4F7556}") = "SleepWorker", "SleepWorker\SleepWorker.csproj", "{DB51C156-FC72-45D4-A5F7-8EAB2FA833FC}"
EndProject
Project("{9A19103F-16F7-4668-BE54-9A1E7A4F7556}") = "SplitMoney", "SplitMoney\SplitMoney.csproj", "{9E992961-F402-46E1-94CD-F2D4A7B61D17}"
EndProject
Project("{9A19103F-16F7-4668-BE54-9A1E7A4F7556}") = "SwimSuit", "SwimSuit\SwimSuit.csproj", "{B15EF648-4DBD-4E33-82BB-817596504088}"
EndProject
Project("{9A19103F-16F7-4668-BE54-9A1E7A4F7556}") = "TMXLoader", "TMXLoader\TMXLoader.csproj", "{034D6505-9E40-4FEA-9C57-F9021ED575AC}"
EndProject
Project("{9A19103F-16F7-4668-BE54-9A1E7A4F7556}") = "Visualize", "Visualize\Visualize.csproj", "{BD39D8E8-4DD1-4AF5-8AC5-85BB8824EAE4}"
EndProject
Global
	GlobalSection(SolutionConfigurationPlatforms) = preSolution
		Debug|x86 = Debug|x86
		Release|x86 = Release|x86
	EndGlobalSection
	GlobalSection(ProjectConfigurationPlatforms) = postSolution
		{04750674-5F6A-4752-8BF4-DB29567E0735}.Debug|x86.ActiveCfg = Debug|x86
		{04750674-5F6A-4752-8BF4-DB29567E0735}.Debug|x86.Build.0 = Debug|x86
		{04750674-5F6A-4752-8BF4-DB29567E0735}.Release|x86.ActiveCfg = Release|x86
		{04750674-5F6A-4752-8BF4-DB29567E0735}.Release|x86.Build.0 = Release|x86
		{6B9FD051-0A7E-4652-9463-3E6629568A0D}.Debug|x86.ActiveCfg = Debug|x86
		{6B9FD051-0A7E-4652-9463-3E6629568A0D}.Debug|x86.Build.0 = Debug|x86
		{6B9FD051-0A7E-4652-9463-3E6629568A0D}.Release|x86.ActiveCfg = Release|x86
		{6B9FD051-0A7E-4652-9463-3E6629568A0D}.Release|x86.Build.0 = Release|x86
		{81FE9B55-0997-4670-8A03-B19ECD6572F2}.Debug|x86.ActiveCfg = Debug|x86
		{81FE9B55-0997-4670-8A03-B19ECD6572F2}.Debug|x86.Build.0 = Debug|x86
		{81FE9B55-0997-4670-8A03-B19ECD6572F2}.Release|x86.ActiveCfg = Release|x86
		{81FE9B55-0997-4670-8A03-B19ECD6572F2}.Release|x86.Build.0 = Release|x86
		{0FA76F97-871C-4F4E-8A59-4EFB364F905B}.Debug|x86.ActiveCfg = Debug|x86
		{0FA76F97-871C-4F4E-8A59-4EFB364F905B}.Debug|x86.Build.0 = Debug|x86
		{0FA76F97-871C-4F4E-8A59-4EFB364F905B}.Release|x86.ActiveCfg = Release|x86
		{0FA76F97-871C-4F4E-8A59-4EFB364F905B}.Release|x86.Build.0 = Release|x86
		{9FAF8CAA-9464-4D72-99A9-143EC3495EC6}.Debug|x86.ActiveCfg = Debug|x86
		{9FAF8CAA-9464-4D72-99A9-143EC3495EC6}.Debug|x86.Build.0 = Debug|x86
		{9FAF8CAA-9464-4D72-99A9-143EC3495EC6}.Release|x86.ActiveCfg = Release|x86
		{9FAF8CAA-9464-4D72-99A9-143EC3495EC6}.Release|x86.Build.0 = Release|x86
		{B06C2FB5-3D82-439C-8761-E3E427FE0E36}.Debug|x86.ActiveCfg = Debug|x86
		{B06C2FB5-3D82-439C-8761-E3E427FE0E36}.Debug|x86.Build.0 = Debug|x86
		{B06C2FB5-3D82-439C-8761-E3E427FE0E36}.Release|x86.ActiveCfg = Release|x86
		{B06C2FB5-3D82-439C-8761-E3E427FE0E36}.Release|x86.Build.0 = Release|x86
		{23C4D0B7-E356-4363-88E1-F225955FAD29}.Debug|x86.ActiveCfg = Debug|x86
		{23C4D0B7-E356-4363-88E1-F225955FAD29}.Debug|x86.Build.0 = Debug|x86
		{23C4D0B7-E356-4363-88E1-F225955FAD29}.Release|x86.ActiveCfg = Release|x86
		{23C4D0B7-E356-4363-88E1-F225955FAD29}.Release|x86.Build.0 = Release|x86
		{D5ED33BB-25BE-4E8E-A92E-906B47D879B3}.Debug|x86.ActiveCfg = Debug|x86
		{D5ED33BB-25BE-4E8E-A92E-906B47D879B3}.Debug|x86.Build.0 = Debug|x86
		{D5ED33BB-25BE-4E8E-A92E-906B47D879B3}.Release|x86.ActiveCfg = Release|x86
		{D5ED33BB-25BE-4E8E-A92E-906B47D879B3}.Release|x86.Build.0 = Release|x86
		{E7E0548A-6702-4375-A0E4-E214B8726787}.Debug|x86.ActiveCfg = Debug|x86
		{E7E0548A-6702-4375-A0E4-E214B8726787}.Debug|x86.Build.0 = Debug|x86
		{E7E0548A-6702-4375-A0E4-E214B8726787}.Release|x86.ActiveCfg = Release|x86
		{E7E0548A-6702-4375-A0E4-E214B8726787}.Release|x86.Build.0 = Release|x86
		{0DBA76ED-5BC7-4B7C-A8A1-9C80A629CD41}.Debug|x86.ActiveCfg = Debug|x86
		{0DBA76ED-5BC7-4B7C-A8A1-9C80A629CD41}.Debug|x86.Build.0 = Debug|x86
		{0DBA76ED-5BC7-4B7C-A8A1-9C80A629CD41}.Release|x86.ActiveCfg = Release|x86
		{0DBA76ED-5BC7-4B7C-A8A1-9C80A629CD41}.Release|x86.Build.0 = Release|x86
		{C86BCA24-6E44-4516-9227-7AB86EBC7D9E}.Debug|x86.ActiveCfg = Debug|x86
		{C86BCA24-6E44-4516-9227-7AB86EBC7D9E}.Debug|x86.Build.0 = Debug|x86
		{C86BCA24-6E44-4516-9227-7AB86EBC7D9E}.Release|x86.ActiveCfg = Release|x86
		{C86BCA24-6E44-4516-9227-7AB86EBC7D9E}.Release|x86.Build.0 = Release|x86
		{08D963C1-2895-4C10-9F63-9189861A2A02}.Debug|x86.ActiveCfg = Debug|x86
		{08D963C1-2895-4C10-9F63-9189861A2A02}.Debug|x86.Build.0 = Debug|x86
		{08D963C1-2895-4C10-9F63-9189861A2A02}.Release|x86.ActiveCfg = Release|x86
		{08D963C1-2895-4C10-9F63-9189861A2A02}.Release|x86.Build.0 = Release|x86
		{CEA5F6A0-5BD7-4076-BF46-4712EFB00A0F}.Debug|x86.ActiveCfg = Debug|x86
		{CEA5F6A0-5BD7-4076-BF46-4712EFB00A0F}.Debug|x86.Build.0 = Debug|x86
		{CEA5F6A0-5BD7-4076-BF46-4712EFB00A0F}.Release|x86.ActiveCfg = Release|x86
		{CEA5F6A0-5BD7-4076-BF46-4712EFB00A0F}.Release|x86.Build.0 = Release|x86
		{36D111C2-6DF5-4A85-B089-F25845CCC2FB}.Debug|x86.ActiveCfg = Debug|x86
		{36D111C2-6DF5-4A85-B089-F25845CCC2FB}.Debug|x86.Build.0 = Debug|x86
		{36D111C2-6DF5-4A85-B089-F25845CCC2FB}.Release|x86.ActiveCfg = Release|x86
		{36D111C2-6DF5-4A85-B089-F25845CCC2FB}.Release|x86.Build.0 = Release|x86
		{64FBB3C1-2B2E-4A11-AC53-064DBFC17157}.Debug|x86.ActiveCfg = Debug|x86
		{64FBB3C1-2B2E-4A11-AC53-064DBFC17157}.Debug|x86.Build.0 = Debug|x86
		{64FBB3C1-2B2E-4A11-AC53-064DBFC17157}.Release|x86.ActiveCfg = Release|x86
		{64FBB3C1-2B2E-4A11-AC53-064DBFC17157}.Release|x86.Build.0 = Release|x86
		{1DEBD19E-79A1-4156-9329-489846AB421D}.Debug|x86.ActiveCfg = Debug|x86
		{1DEBD19E-79A1-4156-9329-489846AB421D}.Debug|x86.Build.0 = Debug|x86
		{1DEBD19E-79A1-4156-9329-489846AB421D}.Release|x86.ActiveCfg = Release|x86
		{1DEBD19E-79A1-4156-9329-489846AB421D}.Release|x86.Build.0 = Release|x86
		{6A191C0C-7DA7-42AA-8087-8E9F7F463F38}.Debug|x86.ActiveCfg = Debug|x86
		{6A191C0C-7DA7-42AA-8087-8E9F7F463F38}.Debug|x86.Build.0 = Debug|x86
		{6A191C0C-7DA7-42AA-8087-8E9F7F463F38}.Release|x86.ActiveCfg = Release|x86
		{6A191C0C-7DA7-42AA-8087-8E9F7F463F38}.Release|x86.Build.0 = Release|x86
		{D87A781B-EFB4-4590-875D-5B9F4321FFA7}.Debug|x86.ActiveCfg = Debug|x86
		{D87A781B-EFB4-4590-875D-5B9F4321FFA7}.Debug|x86.Build.0 = Debug|x86
		{D87A781B-EFB4-4590-875D-5B9F4321FFA7}.Release|x86.ActiveCfg = Release|x86
		{D87A781B-EFB4-4590-875D-5B9F4321FFA7}.Release|x86.Build.0 = Release|x86
		{46B2BF68-888F-4058-9FA8-932A9D12A905}.Debug|x86.ActiveCfg = Debug|x86
		{46B2BF68-888F-4058-9FA8-932A9D12A905}.Debug|x86.Build.0 = Debug|x86
		{46B2BF68-888F-4058-9FA8-932A9D12A905}.Release|x86.ActiveCfg = Release|x86
		{46B2BF68-888F-4058-9FA8-932A9D12A905}.Release|x86.Build.0 = Release|x86
		{E544E84B-495C-4EEE-A10E-E3AA15A5915C}.Debug|x86.ActiveCfg = Debug|x86
		{E544E84B-495C-4EEE-A10E-E3AA15A5915C}.Debug|x86.Build.0 = Debug|x86
		{E544E84B-495C-4EEE-A10E-E3AA15A5915C}.Release|x86.ActiveCfg = Release|x86
		{E544E84B-495C-4EEE-A10E-E3AA15A5915C}.Release|x86.Build.0 = Release|x86
		{F85225BD-9B09-4016-8789-9E367A10122B}.Debug|x86.ActiveCfg = Debug|x86
		{F85225BD-9B09-4016-8789-9E367A10122B}.Debug|x86.Build.0 = Debug|x86
		{F85225BD-9B09-4016-8789-9E367A10122B}.Release|x86.ActiveCfg = Release|x86
		{F85225BD-9B09-4016-8789-9E367A10122B}.Release|x86.Build.0 = Release|x86
		{067CEBB3-824F-4EC7-91DB-9A98E45647F9}.Debug|x86.ActiveCfg = Debug|x86
		{067CEBB3-824F-4EC7-91DB-9A98E45647F9}.Debug|x86.Build.0 = Debug|x86
		{067CEBB3-824F-4EC7-91DB-9A98E45647F9}.Release|x86.ActiveCfg = Release|x86
		{067CEBB3-824F-4EC7-91DB-9A98E45647F9}.Release|x86.Build.0 = Release|x86
		{EB434543-F912-4D80-A5C7-19454CA03A0B}.Debug|x86.ActiveCfg = Debug|x86
		{EB434543-F912-4D80-A5C7-19454CA03A0B}.Debug|x86.Build.0 = Debug|x86
		{EB434543-F912-4D80-A5C7-19454CA03A0B}.Release|x86.ActiveCfg = Release|x86
		{EB434543-F912-4D80-A5C7-19454CA03A0B}.Release|x86.Build.0 = Release|x86
		{186E9683-8BF4-425D-BA6D-35D925B42211}.Debug|x86.ActiveCfg = Debug|x86
		{186E9683-8BF4-425D-BA6D-35D925B42211}.Debug|x86.Build.0 = Debug|x86
		{186E9683-8BF4-425D-BA6D-35D925B42211}.Release|x86.ActiveCfg = Release|x86
		{186E9683-8BF4-425D-BA6D-35D925B42211}.Release|x86.Build.0 = Release|x86
		{26D418E0-499A-41FA-8D7F-C26E278AF823}.Debug|x86.ActiveCfg = Debug|x86
		{26D418E0-499A-41FA-8D7F-C26E278AF823}.Debug|x86.Build.0 = Debug|x86
		{26D418E0-499A-41FA-8D7F-C26E278AF823}.Release|x86.ActiveCfg = Release|x86
		{26D418E0-499A-41FA-8D7F-C26E278AF823}.Release|x86.Build.0 = Release|x86
		{F801BFEB-A4DC-4EA2-93D0-82D4FA881B35}.Debug|x86.ActiveCfg = Debug|x86
		{F801BFEB-A4DC-4EA2-93D0-82D4FA881B35}.Debug|x86.Build.0 = Debug|x86
		{F801BFEB-A4DC-4EA2-93D0-82D4FA881B35}.Release|x86.ActiveCfg = Release|x86
		{F801BFEB-A4DC-4EA2-93D0-82D4FA881B35}.Release|x86.Build.0 = Release|x86
		{B10C290B-D96F-437C-9EB6-F8B843D2B3E7}.Debug|x86.ActiveCfg = Debug|x86
		{B10C290B-D96F-437C-9EB6-F8B843D2B3E7}.Debug|x86.Build.0 = Debug|x86
		{B10C290B-D96F-437C-9EB6-F8B843D2B3E7}.Release|x86.ActiveCfg = Release|x86
		{B10C290B-D96F-437C-9EB6-F8B843D2B3E7}.Release|x86.Build.0 = Release|x86
		{7D7445D0-59F6-4074-BCE0-5F947B40F94F}.Debug|x86.ActiveCfg = Debug|x86
		{7D7445D0-59F6-4074-BCE0-5F947B40F94F}.Debug|x86.Build.0 = Debug|x86
		{7D7445D0-59F6-4074-BCE0-5F947B40F94F}.Release|x86.ActiveCfg = Release|x86
		{7D7445D0-59F6-4074-BCE0-5F947B40F94F}.Release|x86.Build.0 = Release|x86
		{7EE13CB9-1813-4CBA-B945-DD224A91E96B}.Debug|x86.ActiveCfg = Debug|x86
		{7EE13CB9-1813-4CBA-B945-DD224A91E96B}.Debug|x86.Build.0 = Debug|x86
		{7EE13CB9-1813-4CBA-B945-DD224A91E96B}.Release|x86.ActiveCfg = Release|x86
		{7EE13CB9-1813-4CBA-B945-DD224A91E96B}.Release|x86.Build.0 = Release|x86
		{BF1B4C86-6B0F-4470-B736-884A8104BC9B}.Debug|x86.ActiveCfg = Debug|x86
		{BF1B4C86-6B0F-4470-B736-884A8104BC9B}.Debug|x86.Build.0 = Debug|x86
		{BF1B4C86-6B0F-4470-B736-884A8104BC9B}.Release|x86.ActiveCfg = Release|x86
		{BF1B4C86-6B0F-4470-B736-884A8104BC9B}.Release|x86.Build.0 = Release|x86
		{FBC843D2-9BBF-434B-80D6-443B3721DE10}.Debug|x86.ActiveCfg = Debug|x86
		{FBC843D2-9BBF-434B-80D6-443B3721DE10}.Debug|x86.Build.0 = Debug|x86
		{FBC843D2-9BBF-434B-80D6-443B3721DE10}.Release|x86.ActiveCfg = Release|x86
		{FBC843D2-9BBF-434B-80D6-443B3721DE10}.Release|x86.Build.0 = Release|x86
		{0F2BC734-9EA3-42E6-9D28-D98E66653FAA}.Debug|x86.ActiveCfg = Debug|x86
		{0F2BC734-9EA3-42E6-9D28-D98E66653FAA}.Debug|x86.Build.0 = Debug|x86
		{0F2BC734-9EA3-42E6-9D28-D98E66653FAA}.Release|x86.ActiveCfg = Release|x86
		{0F2BC734-9EA3-42E6-9D28-D98E66653FAA}.Release|x86.Build.0 = Release|x86
		{6043E263-4B66-41BB-A1D8-177C23B4D04A}.Debug|x86.ActiveCfg = Debug|x86
		{6043E263-4B66-41BB-A1D8-177C23B4D04A}.Debug|x86.Build.0 = Debug|x86
		{6043E263-4B66-41BB-A1D8-177C23B4D04A}.Release|x86.ActiveCfg = Release|x86
		{6043E263-4B66-41BB-A1D8-177C23B4D04A}.Release|x86.Build.0 = Release|x86
		{D36B2484-1C64-4940-86D2-78DB75FDBBE8}.Debug|x86.ActiveCfg = Debug|x86
		{D36B2484-1C64-4940-86D2-78DB75FDBBE8}.Debug|x86.Build.0 = Debug|x86
		{D36B2484-1C64-4940-86D2-78DB75FDBBE8}.Release|x86.ActiveCfg = Release|x86
		{D36B2484-1C64-4940-86D2-78DB75FDBBE8}.Release|x86.Build.0 = Release|x86
		{CB9C0348-FADC-4384-82F2-4321717EA8B1}.Debug|x86.ActiveCfg = Debug|x86
		{CB9C0348-FADC-4384-82F2-4321717EA8B1}.Debug|x86.Build.0 = Debug|x86
		{CB9C0348-FADC-4384-82F2-4321717EA8B1}.Release|x86.ActiveCfg = Release|x86
		{CB9C0348-FADC-4384-82F2-4321717EA8B1}.Release|x86.Build.0 = Release|x86
		{E72D450A-E9FD-450A-8754-8574279D9D7D}.Debug|x86.ActiveCfg = Debug|x86
		{E72D450A-E9FD-450A-8754-8574279D9D7D}.Debug|x86.Build.0 = Debug|x86
		{E72D450A-E9FD-450A-8754-8574279D9D7D}.Release|x86.ActiveCfg = Release|x86
		{E72D450A-E9FD-450A-8754-8574279D9D7D}.Release|x86.Build.0 = Release|x86
		{C3954D4B-B39F-4756-894B-8CFB3019332E}.Debug|x86.ActiveCfg = Debug|x86
		{C3954D4B-B39F-4756-894B-8CFB3019332E}.Debug|x86.Build.0 = Debug|x86
		{C3954D4B-B39F-4756-894B-8CFB3019332E}.Release|x86.ActiveCfg = Release|x86
		{C3954D4B-B39F-4756-894B-8CFB3019332E}.Release|x86.Build.0 = Release|x86
		{10ED9E5F-96EF-4E31-91AD-ECD2F7AB1D94}.Debug|x86.ActiveCfg = Debug|x86
		{10ED9E5F-96EF-4E31-91AD-ECD2F7AB1D94}.Debug|x86.Build.0 = Debug|x86
		{10ED9E5F-96EF-4E31-91AD-ECD2F7AB1D94}.Release|x86.ActiveCfg = Release|x86
		{10ED9E5F-96EF-4E31-91AD-ECD2F7AB1D94}.Release|x86.Build.0 = Release|x86
		{26353E4D-8AE3-4D17-B658-E00E67FF1FBF}.Debug|x86.ActiveCfg = Debug|x86
		{26353E4D-8AE3-4D17-B658-E00E67FF1FBF}.Debug|x86.Build.0 = Debug|x86
		{26353E4D-8AE3-4D17-B658-E00E67FF1FBF}.Release|x86.ActiveCfg = Release|x86
		{26353E4D-8AE3-4D17-B658-E00E67FF1FBF}.Release|x86.Build.0 = Release|x86
		{DB51C156-FC72-45D4-A5F7-8EAB2FA833FC}.Debug|x86.ActiveCfg = Debug|x86
		{DB51C156-FC72-45D4-A5F7-8EAB2FA833FC}.Debug|x86.Build.0 = Debug|x86
		{DB51C156-FC72-45D4-A5F7-8EAB2FA833FC}.Release|x86.ActiveCfg = Release|x86
		{DB51C156-FC72-45D4-A5F7-8EAB2FA833FC}.Release|x86.Build.0 = Release|x86
		{9E992961-F402-46E1-94CD-F2D4A7B61D17}.Debug|x86.ActiveCfg = Debug|x86
		{9E992961-F402-46E1-94CD-F2D4A7B61D17}.Debug|x86.Build.0 = Debug|x86
		{9E992961-F402-46E1-94CD-F2D4A7B61D17}.Release|x86.ActiveCfg = Release|x86
		{9E992961-F402-46E1-94CD-F2D4A7B61D17}.Release|x86.Build.0 = Release|x86
		{B15EF648-4DBD-4E33-82BB-817596504088}.Debug|x86.ActiveCfg = Debug|x86
		{B15EF648-4DBD-4E33-82BB-817596504088}.Debug|x86.Build.0 = Debug|x86
		{B15EF648-4DBD-4E33-82BB-817596504088}.Release|x86.ActiveCfg = Release|x86
		{B15EF648-4DBD-4E33-82BB-817596504088}.Release|x86.Build.0 = Release|x86
		{034D6505-9E40-4FEA-9C57-F9021ED575AC}.Debug|x86.ActiveCfg = Debug|x86
		{034D6505-9E40-4FEA-9C57-F9021ED575AC}.Debug|x86.Build.0 = Debug|x86
		{034D6505-9E40-4FEA-9C57-F9021ED575AC}.Release|x86.ActiveCfg = Release|x86
		{034D6505-9E40-4FEA-9C57-F9021ED575AC}.Release|x86.Build.0 = Release|x86
		{BD39D8E8-4DD1-4AF5-8AC5-85BB8824EAE4}.Debug|x86.ActiveCfg = Debug|x86
		{BD39D8E8-4DD1-4AF5-8AC5-85BB8824EAE4}.Debug|x86.Build.0 = Debug|x86
		{BD39D8E8-4DD1-4AF5-8AC5-85BB8824EAE4}.Release|x86.ActiveCfg = Release|x86
		{BD39D8E8-4DD1-4AF5-8AC5-85BB8824EAE4}.Release|x86.Build.0 = Release|x86
	EndGlobalSection
	GlobalSection(SolutionProperties) = preSolution
		HideSolutionNode = FALSE
	EndGlobalSection
	GlobalSection(NestedProjects) = preSolution
		{04750674-5F6A-4752-8BF4-DB29567E0735} = {E872F02F-E48F-48D3-9CD4-6DCB419DF235}
		{6B9FD051-0A7E-4652-9463-3E6629568A0D} = {E872F02F-E48F-48D3-9CD4-6DCB419DF235}
		{81FE9B55-0997-4670-8A03-B19ECD6572F2} = {E872F02F-E48F-48D3-9CD4-6DCB419DF235}
		{0FA76F97-871C-4F4E-8A59-4EFB364F905B} = {E872F02F-E48F-48D3-9CD4-6DCB419DF235}
		{9FAF8CAA-9464-4D72-99A9-143EC3495EC6} = {E872F02F-E48F-48D3-9CD4-6DCB419DF235}
		{9E05833C-A06B-49DC-B95F-5D518835B83B} = {DE4D4E3F-A4AE-46D2-85FA-A3A69F4747B1}
		{B06C2FB5-3D82-439C-8761-E3E427FE0E36} = {9E05833C-A06B-49DC-B95F-5D518835B83B}
		{E99345AC-02CD-45DB-9822-2FE71AC46840} = {DE4D4E3F-A4AE-46D2-85FA-A3A69F4747B1}
		{23C4D0B7-E356-4363-88E1-F225955FAD29} = {E99345AC-02CD-45DB-9822-2FE71AC46840}
	EndGlobalSection
	GlobalSection(ExtensibilityGlobals) = postSolution
		SolutionGuid = {7EFA2B12-CD69-4268-8CFA-F8A82A31DBCC}
	EndGlobalSection
EndGlobal
