
Microsoft Visual Studio Solution File, Format Version 12.00
# Visual Studio 15
Project("{FAE04EC0-301F-11D3-BF4B-00C04F79EFBC}") = "SwimSuit", "SwimSuit.csproj", "{80CF2D20-05D3-4D3A-B2BF-9D0A0A4A69BB}"
EndProject
Global
	GlobalSection(SolutionConfigurationPlatforms) = preSolution
		Debug|Any CPU = Debug|Any CPU
		Release|Any CPU = Release|Any CPU
	EndGlobalSection
	GlobalSection(ProjectConfigurationPlatforms) = postSolution
		{80CF2D20-05D3-4D3A-B2BF-9D0A0A4A69BB}.Debug|Any CPU.ActiveCfg = Debug|Any CPU
		{80CF2D20-05D3-4D3A-B2BF-9D0A0A4A69BB}.Debug|Any CPU.Build.0 = Debug|Any CPU
		{80CF2D20-05D3-4D3A-B2BF-9D0A0A4A69BB}.Release|Any CPU.ActiveCfg = Release|Any CPU
		{80CF2D20-05D3-4D3A-B2BF-9D0A0A4A69BB}.Release|Any CPU.Build.0 = Release|Any CPU
	EndGlobalSection
EndGlobal
